
Microsoft Visual Studio Solution File, Format Version 12.00
# Visual Studio Version 17
VisualStudioVersion = 17.9.34728.123
MinimumVisualStudioVersion = 10.0.40219.1
Project("{FAE04EC0-301F-11D3-BF4B-00C04F79EFBC}") = "ShopMate", "ShopMate\ShopMate.csproj", "{EB6A0494-5B4C-4F4B-94ED-4D6DD5F62EE4}"
EndProject
Global
	GlobalSection(SolutionConfigurationPlatforms) = preSolution
		Debug|Any CPU = Debug|Any CPU
		Release|Any CPU = Release|Any CPU
	EndGlobalSection
	GlobalSection(ProjectConfigurationPlatforms) = postSolution
		{EB6A0494-5B4C-4F4B-94ED-4D6DD5F62EE4}.Debug|Any CPU.ActiveCfg = Debug|Any CPU
		{EB6A0494-5B4C-4F4B-94ED-4D6DD5F62EE4}.Debug|Any CPU.Build.0 = Debug|Any CPU
		{EB6A0494-5B4C-4F4B-94ED-4D6DD5F62EE4}.Release|Any CPU.ActiveCfg = Release|Any CPU
		{EB6A0494-5B4C-4F4B-94ED-4D6DD5F62EE4}.Release|Any CPU.Build.0 = Release|Any CPU
	EndGlobalSection
	GlobalSection(SolutionProperties) = preSolution
		HideSolutionNode = FALSE
	EndGlobalSection
	GlobalSection(ExtensibilityGlobals) = postSolution
		SolutionGuid = {910BED75-C4C1-4B95-82D1-5F02E5DC9F87}
	EndGlobalSection
EndGlobal
